
Microsoft Visual Studio Solution File, Format Version 12.00
# Visual Studio Version 17
VisualStudioVersion = 17.13.35919.96 d17.13
MinimumVisualStudioVersion = 10.0.40219.1
Project("{FAE04EC0-301F-11D3-BF4B-00C04F79EFBC}") = "BWMonitoringApp", "BWMonitoringApp\BWMonitoringApp.csproj", "{92A6C6E5-6C74-4B1E-BA1D-1EE397C4713A}"
EndProject
Global
	GlobalSection(SolutionConfigurationPlatforms) = preSolution
		Debug|Any CPU = Debug|Any CPU
		Release|Any CPU = Release|Any CPU
	EndGlobalSection
	GlobalSection(ProjectConfigurationPlatforms) = postSolution
		{92A6C6E5-6C74-4B1E-BA1D-1EE397C4713A}.Debug|Any CPU.ActiveCfg = Debug|Any CPU
		{92A6C6E5-6C74-4B1E-BA1D-1EE397C4713A}.Debug|Any CPU.Build.0 = Debug|Any CPU
		{92A6C6E5-6C74-4B1E-BA1D-1EE397C4713A}.Release|Any CPU.ActiveCfg = Release|Any CPU
		{92A6C6E5-6C74-4B1E-BA1D-1EE397C4713A}.Release|Any CPU.Build.0 = Release|Any CPU
	EndGlobalSection
	GlobalSection(SolutionProperties) = preSolution
		HideSolutionNode = FALSE
	EndGlobalSection
	GlobalSection(ExtensibilityGlobals) = postSolution
		SolutionGuid = {D881BA92-0A33-4C6C-B484-1217C2BAF233}
	EndGlobalSection
EndGlobal
